{
  "name": "flyway-glass-site",
  "version": "1.0.0",
  "lockfileVersion": 3,
  "requires": true,
  "packages": {
    "": {
      "name": "flyway-glass-site",
      "version": "1.0.0",
      "dependencies": {
        "dotenv": "^17.2.3",
        "nodemailer": "^7.0.6"
      }
    },
    "node_modules/dotenv": {
      "version": "17.4.1",
      "resolved": "https://registry.npmjs.org/dotenv/-/dotenv-17.4.1.tgz",
      "integrity": "sha512-k8DaKGP6r1G30Lx8V4+pCsLzKr8vLmV2paqEj1Y55GdAgJuIqpRp5FfajGF8KtwMxCz9qJc6wUIJnm053d/WCw==",
      "license": "BSD-2-Clause",
      "engines": {
        "node": ">=12"
      },
      "funding": {
        "url": "https://dotenvx.com"
      }
    },
    "node_modules/nodemailer": {
      "version": "7.0.13",
      "resolved": "https://registry.npmjs.org/nodemailer/-/nodemailer-7.0.13.tgz",
      "integrity": "sha512-PNDFSJdP+KFgdsG3ZzMXCgquO7I6McjY2vlqILjtJd0hy8wEvtugS9xKRF2NWlPNGxvLCXlTNIae4serI7dinw==",
      "license": "MIT-0",
      "engines": {
        "node": ">=6.0.0"
      }
    }
  }
}
